// !$*UTF8*$!
{
	archiveVersion = 1;
	classes = {
	};
	objectVersion = 46;
	objects = {

/* Begin PBXBuildFile section */
		3E21A5091A75C1B800ED8E25 /* BridgingHeader.m in Sources */ = {isa = PBXBuildFile; fileRef = 3E21A5081A75C1B800ED8E25 /* BridgingHeader.m */; };
		3E21A50B1A75C24900ED8E25 /* Spotify.framework in Frameworks */ = {isa = PBXBuildFile; fileRef = 3E21A50A1A75C24900ED8E25 /* Spotify.framework */; };
		3E2FFD541A8B6DA100C86934 /* SystemConfiguration.framework in Frameworks */ = {isa = PBXBuildFile; fileRef = 3E2FFD531A8B6DA100C86934 /* SystemConfiguration.framework */; };
		3E363C511A7371E0003615DE /* AppDelegate.swift in Sources */ = {isa = PBXBuildFile; fileRef = 3E363C501A7371E0003615DE /* AppDelegate.swift */; };
		3E363C531A7371E0003615DE /* ViewController.swift in Sources */ = {isa = PBXBuildFile; fileRef = 3E363C521A7371E0003615DE /* ViewController.swift */; };
		3E363C561A7371E0003615DE /* Main.storyboard in Resources */ = {isa = PBXBuildFile; fileRef = 3E363C541A7371E0003615DE /* Main.storyboard */; };
		3E363C581A7371E0003615DE /* Images.xcassets in Resources */ = {isa = PBXBuildFile; fileRef = 3E363C571A7371E0003615DE /* Images.xcassets */; };
		3E363C5B1A7371E0003615DE /* LaunchScreen.xib in Resources */ = {isa = PBXBuildFile; fileRef = 3E363C591A7371E0003615DE /* LaunchScreen.xib */; };
		3E363C671A7371E0003615DE /* SpotifyAppSwiftTests.swift in Sources */ = {isa = PBXBuildFile; fileRef = 3E363C661A7371E0003615DE /* SpotifyAppSwiftTests.swift */; };
		3E363C731A737290003615DE /* AVFoundation.framework in Frameworks */ = {isa = PBXBuildFile; fileRef = 3E363C721A737290003615DE /* AVFoundation.framework */; };
/* End PBXBuildFile section */

/* Begin PBXContainerItemProxy section */
		3E363C611A7371E0003615DE /* PBXContainerItemProxy */ = {
			isa = PBXContainerItemProxy;
			containerPortal = 3E363C431A7371E0003615DE /* Project object */;
			proxyType = 1;
			remoteGlobalIDString = 3E363C4A1A7371E0003615DE;
			remoteInfo = SpotifyAppSwift;
		};
/* End PBXContainerItemProxy section */

/* Begin PBXFileReference section */
		3E21A5081A75C1B800ED8E25 /* BridgingHeader.m */ = {isa = PBXFileReference; fileEncoding = 4; lastKnownFileType = sourcecode.c.objc; path = BridgingHeader.m; sourceTree = "<group>"; };
		3E21A50A1A75C24900ED8E25 /* Spotify.framework */ = {isa = PBXFileReference; lastKnownFileType = wrapper.framework; path = Spotify.framework; sourceTree = "<group>"; };
		3E2FFD531A8B6DA100C86934 /* SystemConfiguration.framework */ = {isa = PBXFileReference; lastKnownFileType = wrapper.framework; name = SystemConfiguration.framework; path = System/Library/Frameworks/SystemConfiguration.framework; sourceTree = SDKROOT; };
		3E363C4B1A7371E0003615DE /* SpotifyAppSwift.app */ = {isa = PBXFileReference; explicitFileType = wrapper.application; includeInIndex = 0; path = SpotifyAppSwift.app; sourceTree = BUILT_PRODUCTS_DIR; };
		3E363C4F1A7371E0003615DE /* Info.plist */ = {isa = PBXFileReference; lastKnownFileType = text.plist.xml; path = Info.plist; sourceTree = "<group>"; };
		3E363C501A7371E0003615DE /* AppDelegate.swift */ = {isa = PBXFileReference; lastKnownFileType = sourcecode.swift; path = AppDelegate.swift; sourceTree = "<group>"; };
		3E363C521A7371E0003615DE /* ViewController.swift */ = {isa = PBXFileReference; lastKnownFileType = sourcecode.swift; path = ViewController.swift; sourceTree = "<group>"; };
		3E363C551A7371E0003615DE /* Base */ = {isa = PBXFileReference; lastKnownFileType = file.storyboard; name = Base; path = Base.lproj/Main.storyboard; sourceTree = "<group>"; };
		3E363C571A7371E0003615DE /* Images.xcassets */ = {isa = PBXFileReference; lastKnownFileType = folder.assetcatalog; path = Images.xcassets; sourceTree = "<group>"; };
		3E363C5A1A7371E0003615DE /* Base */ = {isa = PBXFileReference; lastKnownFileType = file.xib; name = Base; path = Base.lproj/LaunchScreen.xib; sourceTree = "<group>"; };
		3E363C601A7371E0003615DE /* SpotifyAppSwiftTests.xctest */ = {isa = PBXFileReference; explicitFileType = wrapper.cfbundle; includeInIndex = 0; path = SpotifyAppSwiftTests.xctest; sourceTree = BUILT_PRODUCTS_DIR; };
		3E363C651A7371E0003615DE /* Info.plist */ = {isa = PBXFileReference; lastKnownFileType = text.plist.xml; path = Info.plist; sourceTree = "<group>"; };
		3E363C661A7371E0003615DE /* SpotifyAppSwiftTests.swift */ = {isa = PBXFileReference; lastKnownFileType = sourcecode.swift; path = SpotifyAppSwiftTests.swift; sourceTree = "<group>"; };
		3E363C721A737290003615DE /* AVFoundation.framework */ = {isa = PBXFileReference; lastKnownFileType = wrapper.framework; name = AVFoundation.framework; path = System/Library/Frameworks/AVFoundation.framework; sourceTree = SDKROOT; };
		3E3950041A73787D00EAEE79 /* SpotifyAppSwift-Bridging-Header.h */ = {isa = PBXFileReference; lastKnownFileType = sourcecode.c.h; path = "SpotifyAppSwift-Bridging-Header.h"; sourceTree = "<group>"; };
/* End PBXFileReference section */

/* Begin PBXFrameworksBuildPhase section */
		3E363C481A7371E0003615DE /* Frameworks */ = {
			isa = PBXFrameworksBuildPhase;
			buildActionMask = 2147483647;
			files = (
				3E2FFD541A8B6DA100C86934 /* SystemConfiguration.framework in Frameworks */,
				3E363C731A737290003615DE /* AVFoundation.framework in Frameworks */,
				3E21A50B1A75C24900ED8E25 /* Spotify.framework in Frameworks */,
			);
			runOnlyForDeploymentPostprocessing = 0;
		};
		3E363C5D1A7371E0003615DE /* Frameworks */ = {
			isa = PBXFrameworksBuildPhase;
			buildActionMask = 2147483647;
			files = (
			);
			runOnlyForDeploymentPostprocessing = 0;
		};
/* End PBXFrameworksBuildPhase section */

/* Begin PBXGroup section */
		3E363C421A7371E0003615DE = {
			isa = PBXGroup;
			children = (
				3E2FFD531A8B6DA100C86934 /* SystemConfiguration.framework */,
				3E3950041A73787D00EAEE79 /* SpotifyAppSwift-Bridging-Header.h */,
				3E363C721A737290003615DE /* AVFoundation.framework */,
				3E363C4D1A7371E0003615DE /* SpotifyAppSwift */,
				3E363C631A7371E0003615DE /* SpotifyAppSwiftTests */,
				3E363C4C1A7371E0003615DE /* Products */,
			);
			sourceTree = "<group>";
		};
		3E363C4C1A7371E0003615DE /* Products */ = {
			isa = PBXGroup;
			children = (
				3E363C4B1A7371E0003615DE /* SpotifyAppSwift.app */,
				3E363C601A7371E0003615DE /* SpotifyAppSwiftTests.xctest */,
			);
			name = Products;
			sourceTree = "<group>";
		};
		3E363C4D1A7371E0003615DE /* SpotifyAppSwift */ = {
			isa = PBXGroup;
			children = (
				3E363C501A7371E0003615DE /* AppDelegate.swift */,
				3E363C521A7371E0003615DE /* ViewController.swift */,
				3E363C541A7371E0003615DE /* Main.storyboard */,
				3E363C571A7371E0003615DE /* Images.xcassets */,
				3E363C591A7371E0003615DE /* LaunchScreen.xib */,
				3E363C4E1A7371E0003615DE /* Supporting Files */,
				3E21A5081A75C1B800ED8E25 /* BridgingHeader.m */,
				3E21A50A1A75C24900ED8E25 /* Spotify.framework */,
			);
			path = SpotifyAppSwift;
			sourceTree = "<group>";
		};
		3E363C4E1A7371E0003615DE /* Supporting Files */ = {
			isa = PBXGroup;
			children = (
				3E363C4F1A7371E0003615DE /* Info.plist */,
			);
			name = "Supporting Files";
			sourceTree = "<group>";
		};
		3E363C631A7371E0003615DE /* SpotifyAppSwiftTests */ = {
			isa = PBXGroup;
			children = (
				3E363C661A7371E0003615DE /* SpotifyAppSwiftTests.swift */,
				3E363C641A7371E0003615DE /* Supporting Files */,
			);
			path = SpotifyAppSwiftTests;
			sourceTree = "<group>";
		};
		3E363C641A7371E0003615DE /* Supporting Files */ = {
			isa = PBXGroup;
			children = (
				3E363C651A7371E0003615DE /* Info.plist */,
			);
			name = "Supporting Files";
			sourceTree = "<group>";
		};
/* End PBXGroup section */

/* Begin PBXNativeTarget section */
		3E363C4A1A7371E0003615DE /* SpotifyAppSwift */ = {
			isa = PBXNativeTarget;
			buildConfigurationList = 3E363C6A1A7371E0003615DE /* Build configuration list for PBXNativeTarget "SpotifyAppSwift" */;
			buildPhases = (
				3E363C471A7371E0003615DE /* Sources */,
				3E363C481A7371E0003615DE /* Frameworks */,
				3E363C491A7371E0003615DE /* Resources */,
			);
			buildRules = (
			);
			dependencies = (
			);
			name = SpotifyAppSwift;
			productName = SpotifyAppSwift;
			productReference = 3E363C4B1A7371E0003615DE /* SpotifyAppSwift.app */;
			productType = "com.apple.product-type.application";
		};
		3E363C5F1A7371E0003615DE /* SpotifyAppSwiftTests */ = {
			isa = PBXNativeTarget;
			buildConfigurationList = 3E363C6D1A7371E0003615DE /* Build configuration list for PBXNativeTarget "SpotifyAppSwiftTests" */;
			buildPhases = (
				3E363C5C1A7371E0003615DE /* Sources */,
				3E363C5D1A7371E0003615DE /* Frameworks */,
				3E363C5E1A7371E0003615DE /* Resources */,
			);
			buildRules = (
			);
			dependencies = (
				3E363C621A7371E0003615DE /* PBXTargetDependency */,
			);
			name = SpotifyAppSwiftTests;
			productName = SpotifyAppSwiftTests;
			productReference = 3E363C601A7371E0003615DE /* SpotifyAppSwiftTests.xctest */;
			productType = "com.apple.product-type.bundle.unit-test";
		};
/* End PBXNativeTarget section */

/* Begin PBXProject section */
		3E363C431A7371E0003615DE /* Project object */ = {
			isa = PBXProject;
			attributes = {
				LastUpgradeCheck = 0610;
				ORGANIZATIONNAME = "Matthew Zwolenski";
				TargetAttributes = {
					3E363C4A1A7371E0003615DE = {
						CreatedOnToolsVersion = 6.1.1;
					};
					3E363C5F1A7371E0003615DE = {
						CreatedOnToolsVersion = 6.1.1;
						TestTargetID = 3E363C4A1A7371E0003615DE;
					};
				};
			};
			buildConfigurationList = 3E363C461A7371E0003615DE /* Build configuration list for PBXProject "SpotifyAppSwift" */;
			compatibilityVersion = "Xcode 3.2";
			developmentRegion = English;
			hasScannedForEncodings = 0;
			knownRegions = (
				en,
				Base,
			);
			mainGroup = 3E363C421A7371E0003615DE;
			productRefGroup = 3E363C4C1A7371E0003615DE /* Products */;
			projectDirPath = "";
			projectRoot = "";
			targets = (
				3E363C4A1A7371E0003615DE /* SpotifyAppSwift */,
				3E363C5F1A7371E0003615DE /* SpotifyAppSwiftTests */,
			);
		};
/* End PBXProject section */

/* Begin PBXResourcesBuildPhase section */
		3E363C491A7371E0003615DE /* Resources */ = {
			isa = PBXResourcesBuildPhase;
			buildActionMask = 2147483647;
			files = (
				3E363C561A7371E0003615DE /* Main.storyboard in Resources */,
				3E363C5B1A7371E0003615DE /* LaunchScreen.xib in Resources */,
				3E363C581A7371E0003615DE /* Images.xcassets in Resources */,
			);
			runOnlyForDeploymentPostprocessing = 0;
		};
		3E363C5E1A7371E0003615DE /* Resources */ = {
			isa = PBXResourcesBuildPhase;
			buildActionMask = 2147483647;
			files = (
			);
			runOnlyForDeploymentPostprocessing = 0;
		};
/* End PBXResourcesBuildPhase section */

/* Begin PBXSourcesBuildPhase section */
		3E363C471A7371E0003615DE /* Sources */ = {
			isa = PBXSourcesBuildPhase;
			buildActionMask = 2147483647;
			files = (
				3E363C531A7371E0003615DE /* ViewController.swift in Sources */,
				3E363C511A7371E0003615DE /* AppDelegate.swift in Sources */,
				3E21A5091A75C1B800ED8E25 /* BridgingHeader.m in Sources */,
			);
			runOnlyForDeploymentPostprocessing = 0;
		};
		3E363C5C1A7371E0003615DE /* Sources */ = {
			isa = PBXSourcesBuildPhase;
			buildActionMask = 2147483647;
			files = (
				3E363C671A7371E0003615DE /* SpotifyAppSwiftTests.swift in Sources */,
			);
			runOnlyForDeploymentPostprocessing = 0;
		};
/* End PBXSourcesBuildPhase section */

/* Begin PBXTargetDependency section */
		3E363C621A7371E0003615DE /* PBXTargetDependency */ = {
			isa = PBXTargetDependency;
			target = 3E363C4A1A7371E0003615DE /* SpotifyAppSwift */;
			targetProxy = 3E363C611A7371E0003615DE /* PBXContainerItemProxy */;
		};
/* End PBXTargetDependency section */

/* Begin PBXVariantGroup section */
		3E363C541A7371E0003615DE /* Main.storyboard */ = {
			isa = PBXVariantGroup;
			children = (
				3E363C551A7371E0003615DE /* Base */,
			);
			name = Main.storyboard;
			sourceTree = "<group>";
		};
		3E363C591A7371E0003615DE /* LaunchScreen.xib */ = {
			isa = PBXVariantGroup;
			children = (
				3E363C5A1A7371E0003615DE /* Base */,
			);
			name = LaunchScreen.xib;
			sourceTree = "<group>";
		};
/* End PBXVariantGroup section */

/* Begin XCBuildConfiguration section */
		3E363C681A7371E0003615DE /* Debug */ = {
			isa = XCBuildConfiguration;
			buildSettings = {
				ALWAYS_SEARCH_USER_PATHS = NO;
				CLANG_CXX_LANGUAGE_STANDARD = "gnu++0x";
				CLANG_CXX_LIBRARY = "libc++";
				CLANG_ENABLE_MODULES = YES;
				CLANG_ENABLE_OBJC_ARC = YES;
				CLANG_WARN_BOOL_CONVERSION = YES;
				CLANG_WARN_CONSTANT_CONVERSION = YES;
				CLANG_WARN_DIRECT_OBJC_ISA_USAGE = YES_ERROR;
				CLANG_WARN_EMPTY_BODY = YES;
				CLANG_WARN_ENUM_CONVERSION = YES;
				CLANG_WARN_INT_CONVERSION = YES;
				CLANG_WARN_OBJC_ROOT_CLASS = YES_ERROR;
				CLANG_WARN_UNREACHABLE_CODE = YES;
				CLANG_WARN__DUPLICATE_METHOD_MATCH = YES;
				"CODE_SIGN_IDENTITY[sdk=iphoneos*]" = "iPhone Developer";
				COPY_PHASE_STRIP = NO;
				ENABLE_STRICT_OBJC_MSGSEND = YES;
				GCC_C_LANGUAGE_STANDARD = gnu99;
				GCC_DYNAMIC_NO_PIC = NO;
				GCC_OPTIMIZATION_LEVEL = 0;
				GCC_PREPROCESSOR_DEFINITIONS = (
					"DEBUG=1",
					"$(inherited)",
				);
				GCC_SYMBOLS_PRIVATE_EXTERN = NO;
				GCC_WARN_64_TO_32_BIT_CONVERSION = YES;
				GCC_WARN_ABOUT_RETURN_TYPE = YES_ERROR;
				GCC_WARN_UNDECLARED_SELECTOR = YES;
				GCC_WARN_UNINITIALIZED_AUTOS = YES_AGGRESSIVE;
				GCC_WARN_UNUSED_FUNCTION = YES;
				GCC_WARN_UNUSED_VARIABLE = YES;
				IPHONEOS_DEPLOYMENT_TARGET = 8.1;
				MTL_ENABLE_DEBUG_INFO = YES;
				ONLY_ACTIVE_ARCH = YES;
				SDKROOT = iphoneos;
				SWIFT_OPTIMIZATION_LEVEL = "-Onone";
				TARGETED_DEVICE_FAMILY = "1,2";
			};
			name = Debug;
		};
		3E363C691A7371E0003615DE /* Release */ = {
			isa = XCBuildConfiguration;
			buildSettings = {
				ALWAYS_SEARCH_USER_PATHS = NO;
				CLANG_CXX_LANGUAGE_STANDARD = "gnu++0x";
				CLANG_CXX_LIBRARY = "libc++";
				CLANG_ENABLE_MODULES = YES;
				CLANG_ENABLE_OBJC_ARC = YES;
				CLANG_WARN_BOOL_CONVERSION = YES;
				CLANG_WARN_CONSTANT_CONVERSION = YES;
				CLANG_WARN_DIRECT_OBJC_ISA_USAGE = YES_ERROR;
				CLANG_WARN_EMPTY_BODY = YES;
				CLANG_WARN_ENUM_CONVERSION = YES;
				CLANG_WARN_INT_CONVERSION = YES;
				CLANG_WARN_OBJC_ROOT_CLASS = YES_ERROR;
				CLANG_WARN_UNREACHABLE_CODE = YES;
				CLANG_WARN__DUPLICATE_METHOD_MATCH = YES;
				"CODE_SIGN_IDENTITY[sdk=iphoneos*]" = "iPhone Developer";
				COPY_PHASE_STRIP = YES;
				ENABLE_NS_ASSERTIONS = NO;
				ENABLE_STRICT_OBJC_MSGSEND = YES;
				GCC_C_LANGUAGE_STANDARD = gnu99;
				GCC_WARN_64_TO_32_BIT_CONVERSION = YES;
				GCC_WARN_ABOUT_RETURN_TYPE = YES_ERROR;
				GCC_WARN_UNDECLARED_SELECTOR = YES;
				GCC_WARN_UNINITIALIZED_AUTOS = YES_AGGRESSIVE;
				GCC_WARN_UNUSED_FUNCTION = YES;
				GCC_WARN_UNUSED_VARIABLE = YES;
				IPHONEOS_DEPLOYMENT_TARGET = 8.1;
				MTL_ENABLE_DEBUG_INFO = NO;
				SDKROOT = iphoneos;
				TARGETED_DEVICE_FAMILY = "1,2";
				VALIDATE_PRODUCT = YES;
			};
			name = Release;
		};
		3E363C6B1A7371E0003615DE /* Debug */ = {
			isa = XCBuildConfiguration;
			buildSettings = {
				ASSETCATALOG_COMPILER_APPICON_NAME = AppIcon;
				FRAMEWORK_SEARCH_PATHS = (
					"$(inherited)",
					"$(PROJECT_DIR)/SpotifyAppSwift",
				);
				INFOPLIST_FILE = SpotifyAppSwift/Info.plist;
				LD_RUNPATH_SEARCH_PATHS = "$(inherited) @executable_path/Frameworks";
				OTHER_LDFLAGS = "-ObjC";
				PRODUCT_NAME = "$(TARGET_NAME)";
				SWIFT_OBJC_BRIDGING_HEADER = "SpotifyAppSwift-Bridging-Header.h";
			};
			name = Debug;
		};
		3E363C6C1A7371E0003615DE /* Release */ = {
			isa = XCBuildConfiguration;
			buildSettings = {
				ASSETCATALOG_COMPILER_APPICON_NAME = AppIcon;
				FRAMEWORK_SEARCH_PATHS = (
					"$(inherited)",
					"$(PROJECT_DIR)/SpotifyAppSwift",
				);
				INFOPLIST_FILE = SpotifyAppSwift/Info.plist;
				LD_RUNPATH_SEARCH_PATHS = "$(inherited) @executable_path/Frameworks";
				OTHER_LDFLAGS = "-ObjC";
				PRODUCT_NAME = "$(TARGET_NAME)";
				SWIFT_OBJC_BRIDGING_HEADER = "SpotifyAppSwift-Bridging-Header.h";
			};
			name = Release;
		};
		3E363C6E1A7371E0003615DE /* Debug */ = {
			isa = XCBuildConfiguration;
			buildSettings = {
				BUNDLE_LOADER = "$(TEST_HOST)";
				FRAMEWORK_SEARCH_PATHS = (
					"$(SDKROOT)/Developer/Library/Frameworks",
					"$(inherited)",
				);
				GCC_PREPROCESSOR_DEFINITIONS = (
					"DEBUG=1",
					"$(inherited)",
				);
				INFOPLIST_FILE = SpotifyAppSwiftTests/Info.plist;
				LD_RUNPATH_SEARCH_PATHS = "$(inherited) @executable_path/Frameworks @loader_path/Frameworks";
				PRODUCT_NAME = "$(TARGET_NAME)";
				TEST_HOST = "$(BUILT_PRODUCTS_DIR)/SpotifyAppSwift.app/SpotifyAppSwift";
			};
			name = Debug;
		};
		3E363C6F1A7371E0003615DE /* Release */ = {
			isa = XCBuildConfiguration;
			buildSettings = {
				BUNDLE_LOADER = "$(TEST_HOST)";
				FRAMEWORK_SEARCH_PATHS = (
					"$(SDKROOT)/Developer/Library/Frameworks",
					"$(inherited)",
				);
				INFOPLIST_FILE = SpotifyAppSwiftTests/Info.plist;
				LD_RUNPATH_SEARCH_PATHS = "$(inherited) @executable_path/Frameworks @loader_path/Frameworks";
				PRODUCT_NAME = "$(TARGET_NAME)";
				TEST_HOST = "$(BUILT_PRODUCTS_DIR)/SpotifyAppSwift.app/SpotifyAppSwift";
			};
			name = Release;
		};
/* End XCBuildConfiguration section */

/* Begin XCConfigurationList section */
		3E363C461A7371E0003615DE /* Build configuration list for PBXProject "SpotifyAppSwift" */ = {
			isa = XCConfigurationList;
			buildConfigurations = (
				3E363C681A7371E0003615DE /* Debug */,
				3E363C691A7371E0003615DE /* Release */,
			);
			defaultConfigurationIsVisible = 0;
			defaultConfigurationName = Release;
		};
		3E363C6A1A7371E0003615DE /* Build configuration list for PBXNativeTarget "SpotifyAppSwift" */ = {
			isa = XCConfigurationList;
			buildConfigurations = (
				3E363C6B1A7371E0003615DE /* Debug */,
				3E363C6C1A7371E0003615DE /* Release */,
			);
			defaultConfigurationIsVisible = 0;
			defaultConfigurationName = Release;
		};
		3E363C6D1A7371E0003615DE /* Build configuration list for PBXNativeTarget "SpotifyAppSwiftTests" */ = {
			isa = XCConfigurationList;
			buildConfigurations = (
				3E363C6E1A7371E0003615DE /* Debug */,
				3E363C6F1A7371E0003615DE /* Release */,
			);
			defaultConfigurationIsVisible = 0;
			defaultConfigurationName = Release;
		};
/* End XCConfigurationList section */
	};
	rootObject = 3E363C431A7371E0003615DE /* Project object */;
}
